
Microsoft Visual Studio Solution File, Format Version 12.00
Project("{FAE04EC0-301F-11D3-BF4B-00C04F79EFBC}") = "Chempions", "Chempions\Chempions.csproj", "{66D37EA9-F48D-4C45-8F36-92BE90854360}"
EndProject
Project("{FAE04EC0-301F-11D3-BF4B-00C04F79EFBC}") = "Chempions.Data.Sql", "Chempions.Data.Sql\Chempions.Data.Sql.csproj", "{585554ED-C4A8-4CBD-8169-A40EB97FE9DF}"
EndProject
Global
	GlobalSection(SolutionConfigurationPlatforms) = preSolution
		Debug|Any CPU = Debug|Any CPU
		Release|Any CPU = Release|Any CPU
	EndGlobalSection
	GlobalSection(ProjectConfigurationPlatforms) = postSolution
		{66D37EA9-F48D-4C45-8F36-92BE90854360}.Debug|Any CPU.ActiveCfg = Debug|Any CPU
		{66D37EA9-F48D-4C45-8F36-92BE90854360}.Debug|Any CPU.Build.0 = Debug|Any CPU
		{66D37EA9-F48D-4C45-8F36-92BE90854360}.Release|Any CPU.ActiveCfg = Release|Any CPU
		{66D37EA9-F48D-4C45-8F36-92BE90854360}.Release|Any CPU.Build.0 = Release|Any CPU
		{585554ED-C4A8-4CBD-8169-A40EB97FE9DF}.Debug|Any CPU.ActiveCfg = Debug|Any CPU
		{585554ED-C4A8-4CBD-8169-A40EB97FE9DF}.Debug|Any CPU.Build.0 = Debug|Any CPU
		{585554ED-C4A8-4CBD-8169-A40EB97FE9DF}.Release|Any CPU.ActiveCfg = Release|Any CPU
		{585554ED-C4A8-4CBD-8169-A40EB97FE9DF}.Release|Any CPU.Build.0 = Release|Any CPU
	EndGlobalSection
EndGlobal
